
Microsoft Visual Studio Solution File, Format Version 12.00
# Visual Studio 15
VisualStudioVersion = 15.0.27703.2047
MinimumVisualStudioVersion = 10.0.40219.1
Project("{FAE04EC0-301F-11D3-BF4B-00C04F79EFBC}") = "PuntoDeVenta", "PuntoDeVenta\PuntoDeVenta.csproj", "{91F73246-309B-4C25-961D-C7BF9AE8F732}"
EndProject
Global
	GlobalSection(SolutionConfigurationPlatforms) = preSolution
		Debug|Any CPU = Debug|Any CPU
		Release|Any CPU = Release|Any CPU
	EndGlobalSection
	GlobalSection(ProjectConfigurationPlatforms) = postSolution
		{91F73246-309B-4C25-961D-C7BF9AE8F732}.Debug|Any CPU.ActiveCfg = Debug|Any CPU
		{91F73246-309B-4C25-961D-C7BF9AE8F732}.Debug|Any CPU.Build.0 = Debug|Any CPU
		{91F73246-309B-4C25-961D-C7BF9AE8F732}.Release|Any CPU.ActiveCfg = Release|Any CPU
		{91F73246-309B-4C25-961D-C7BF9AE8F732}.Release|Any CPU.Build.0 = Release|Any CPU
	EndGlobalSection
	GlobalSection(SolutionProperties) = preSolution
		HideSolutionNode = FALSE
	EndGlobalSection
	GlobalSection(ExtensibilityGlobals) = postSolution
		SolutionGuid = {E689A577-0FEE-4F9A-A81F-3E885149A1C3}
	EndGlobalSection
EndGlobal
